
Microsoft Visual Studio Solution File, Format Version 11.00
# Visual Studio 2010
Project("{FAE04EC0-301F-11D3-BF4B-00C04F79EFBC}") = "Ciberdon", "Ciberdon\Ciberdon.csproj", "{D1553F5B-9580-43A7-92E4-D24EBC5F5CB2}"
EndProject
Project("{FAE04EC0-301F-11D3-BF4B-00C04F79EFBC}") = "BussinesObjects", "BussinesObjects\BussinesObjects.csproj", "{8418F4ED-5714-435D-BD06-2875EF791055}"
EndProject
Project("{FAE04EC0-301F-11D3-BF4B-00C04F79EFBC}") = "ControlObjects", "ControlObjects\ControlObjects.csproj", "{9B62394C-3010-4499-9530-5E53391E5A10}"
EndProject
Global
	GlobalSection(SolutionConfigurationPlatforms) = preSolution
		Debug|Any CPU = Debug|Any CPU
		Debug|Mixed Platforms = Debug|Mixed Platforms
		Debug|x86 = Debug|x86
		Release|Any CPU = Release|Any CPU
		Release|Mixed Platforms = Release|Mixed Platforms
		Release|x86 = Release|x86
	EndGlobalSection
	GlobalSection(ProjectConfigurationPlatforms) = postSolution
		{D1553F5B-9580-43A7-92E4-D24EBC5F5CB2}.Debug|Any CPU.ActiveCfg = Debug|x86
		{D1553F5B-9580-43A7-92E4-D24EBC5F5CB2}.Debug|Mixed Platforms.ActiveCfg = Debug|x86
		{D1553F5B-9580-43A7-92E4-D24EBC5F5CB2}.Debug|Mixed Platforms.Build.0 = Debug|x86
		{D1553F5B-9580-43A7-92E4-D24EBC5F5CB2}.Debug|x86.ActiveCfg = Debug|x86
		{D1553F5B-9580-43A7-92E4-D24EBC5F5CB2}.Debug|x86.Build.0 = Debug|x86
		{D1553F5B-9580-43A7-92E4-D24EBC5F5CB2}.Release|Any CPU.ActiveCfg = Release|x86
		{D1553F5B-9580-43A7-92E4-D24EBC5F5CB2}.Release|Mixed Platforms.ActiveCfg = Release|x86
		{D1553F5B-9580-43A7-92E4-D24EBC5F5CB2}.Release|Mixed Platforms.Build.0 = Release|x86
		{D1553F5B-9580-43A7-92E4-D24EBC5F5CB2}.Release|x86.ActiveCfg = Release|x86
		{D1553F5B-9580-43A7-92E4-D24EBC5F5CB2}.Release|x86.Build.0 = Release|x86
		{8418F4ED-5714-435D-BD06-2875EF791055}.Debug|Any CPU.ActiveCfg = Debug|Any CPU
		{8418F4ED-5714-435D-BD06-2875EF791055}.Debug|Any CPU.Build.0 = Debug|Any CPU
		{8418F4ED-5714-435D-BD06-2875EF791055}.Debug|Mixed Platforms.ActiveCfg = Debug|Any CPU
		{8418F4ED-5714-435D-BD06-2875EF791055}.Debug|Mixed Platforms.Build.0 = Debug|Any CPU
		{8418F4ED-5714-435D-BD06-2875EF791055}.Debug|x86.ActiveCfg = Debug|Any CPU
		{8418F4ED-5714-435D-BD06-2875EF791055}.Release|Any CPU.ActiveCfg = Release|Any CPU
		{8418F4ED-5714-435D-BD06-2875EF791055}.Release|Any CPU.Build.0 = Release|Any CPU
		{8418F4ED-5714-435D-BD06-2875EF791055}.Release|Mixed Platforms.ActiveCfg = Release|Any CPU
		{8418F4ED-5714-435D-BD06-2875EF791055}.Release|Mixed Platforms.Build.0 = Release|Any CPU
		{8418F4ED-5714-435D-BD06-2875EF791055}.Release|x86.ActiveCfg = Release|Any CPU
		{9B62394C-3010-4499-9530-5E53391E5A10}.Debug|Any CPU.ActiveCfg = Debug|Any CPU
		{9B62394C-3010-4499-9530-5E53391E5A10}.Debug|Any CPU.Build.0 = Debug|Any CPU
		{9B62394C-3010-4499-9530-5E53391E5A10}.Debug|Mixed Platforms.ActiveCfg = Debug|Any CPU
		{9B62394C-3010-4499-9530-5E53391E5A10}.Debug|Mixed Platforms.Build.0 = Debug|Any CPU
		{9B62394C-3010-4499-9530-5E53391E5A10}.Debug|x86.ActiveCfg = Debug|Any CPU
		{9B62394C-3010-4499-9530-5E53391E5A10}.Release|Any CPU.ActiveCfg = Release|Any CPU
		{9B62394C-3010-4499-9530-5E53391E5A10}.Release|Any CPU.Build.0 = Release|Any CPU
		{9B62394C-3010-4499-9530-5E53391E5A10}.Release|Mixed Platforms.ActiveCfg = Release|Any CPU
		{9B62394C-3010-4499-9530-5E53391E5A10}.Release|Mixed Platforms.Build.0 = Release|Any CPU
		{9B62394C-3010-4499-9530-5E53391E5A10}.Release|x86.ActiveCfg = Release|Any CPU
	EndGlobalSection
	GlobalSection(SolutionProperties) = preSolution
		HideSolutionNode = FALSE
	EndGlobalSection
EndGlobal
